
Microsoft Visual Studio Solution File, Format Version 12.00
# Visual Studio Version 17
VisualStudioVersion = 17.7.34009.444
MinimumVisualStudioVersion = 10.0.40219.1
Project("{9A19103F-16F7-4668-BE54-9A1E7A4F7556}") = "GameConsole", "GameConsole.csproj", "{A3026908-8378-4D0A-ABD1-E09D340DDEBF}"
EndProject
Global
	GlobalSection(SolutionConfigurationPlatforms) = preSolution
		Debug|Any CPU = Debug|Any CPU
		Release|Any CPU = Release|Any CPU
	EndGlobalSection
	GlobalSection(ProjectConfigurationPlatforms) = postSolution
		{A3026908-8378-4D0A-ABD1-E09D340DDEBF}.Debug|Any CPU.ActiveCfg = Debug|Any CPU
		{A3026908-8378-4D0A-ABD1-E09D340DDEBF}.Debug|Any CPU.Build.0 = Debug|Any CPU
		{A3026908-8378-4D0A-ABD1-E09D340DDEBF}.Release|Any CPU.ActiveCfg = Release|Any CPU
		{A3026908-8378-4D0A-ABD1-E09D340DDEBF}.Release|Any CPU.Build.0 = Release|Any CPU
	EndGlobalSection
	GlobalSection(SolutionProperties) = preSolution
		HideSolutionNode = FALSE
	EndGlobalSection
	GlobalSection(ExtensibilityGlobals) = postSolution
		SolutionGuid = {A51BD06D-A058-4CD8-BEBF-BBEA21897C21}
	EndGlobalSection
EndGlobal
